
Microsoft Visual Studio Solution File, Format Version 12.00
# Visual Studio Version 17
VisualStudioVersion = 17.5.33414.496
MinimumVisualStudioVersion = 10.0.40219.1
Project("{FAE04EC0-301F-11D3-BF4B-00C04F79EFBC}") = "VtNationalAuthority", "VtNationalAuthority\VtNationalAuthority.csproj", "{5CAE05B0-7C7A-4E18-A207-D8C2FDEB2C20}"
EndProject
Project("{2150E333-8FDC-42A3-9474-1A3956D46DE8}") = "OldCode", "OldCode", "{83D8388E-39B0-43E8-BB05-1B4AC9B7B683}"
EndProject
Project("{FAE04EC0-301F-11D3-BF4B-00C04F79EFBC}") = "DataAccessLayer", "DataAccessLayer\DataAccessLayer.csproj", "{82533F9D-11CB-46C2-8C8B-FEFD98AB40F7}"
EndProject
Project("{FAE04EC0-301F-11D3-BF4B-00C04F79EFBC}") = "apiWSDLs", "apiWSDLs\apiWSDLs.csproj", "{255E2C46-48E0-457F-9F4F-2710149D511F}"
EndProject
Project("{FAE04EC0-301F-11D3-BF4B-00C04F79EFBC}") = "ApiNationalAuthority", "ApiNationalAuthority\ApiNationalAuthority.csproj", "{47D5E022-CF7A-4FCD-8C04-AF5FFBBD61D3}"
EndProject
Project("{FAE04EC0-301F-11D3-BF4B-00C04F79EFBC}") = "vt_nationalAuthority", "vt_nationalAuthority\vt_nationalAuthority.csproj", "{3072ACBB-CC10-4E81-8846-3835F6EC005D}"
EndProject
Global
	GlobalSection(SolutionConfigurationPlatforms) = preSolution
		Debug|Any CPU = Debug|Any CPU
		Release|Any CPU = Release|Any CPU
	EndGlobalSection
	GlobalSection(ProjectConfigurationPlatforms) = postSolution
		{5CAE05B0-7C7A-4E18-A207-D8C2FDEB2C20}.Debug|Any CPU.ActiveCfg = Debug|Any CPU
		{5CAE05B0-7C7A-4E18-A207-D8C2FDEB2C20}.Debug|Any CPU.Build.0 = Debug|Any CPU
		{5CAE05B0-7C7A-4E18-A207-D8C2FDEB2C20}.Release|Any CPU.ActiveCfg = Release|Any CPU
		{5CAE05B0-7C7A-4E18-A207-D8C2FDEB2C20}.Release|Any CPU.Build.0 = Release|Any CPU
		{82533F9D-11CB-46C2-8C8B-FEFD98AB40F7}.Debug|Any CPU.ActiveCfg = Debug|Any CPU
		{82533F9D-11CB-46C2-8C8B-FEFD98AB40F7}.Debug|Any CPU.Build.0 = Debug|Any CPU
		{82533F9D-11CB-46C2-8C8B-FEFD98AB40F7}.Release|Any CPU.ActiveCfg = Release|Any CPU
		{82533F9D-11CB-46C2-8C8B-FEFD98AB40F7}.Release|Any CPU.Build.0 = Release|Any CPU
		{255E2C46-48E0-457F-9F4F-2710149D511F}.Debug|Any CPU.ActiveCfg = Debug|Any CPU
		{255E2C46-48E0-457F-9F4F-2710149D511F}.Debug|Any CPU.Build.0 = Debug|Any CPU
		{255E2C46-48E0-457F-9F4F-2710149D511F}.Release|Any CPU.ActiveCfg = Release|Any CPU
		{255E2C46-48E0-457F-9F4F-2710149D511F}.Release|Any CPU.Build.0 = Release|Any CPU
		{47D5E022-CF7A-4FCD-8C04-AF5FFBBD61D3}.Debug|Any CPU.ActiveCfg = Debug|Any CPU
		{47D5E022-CF7A-4FCD-8C04-AF5FFBBD61D3}.Debug|Any CPU.Build.0 = Debug|Any CPU
		{47D5E022-CF7A-4FCD-8C04-AF5FFBBD61D3}.Release|Any CPU.ActiveCfg = Release|Any CPU
		{47D5E022-CF7A-4FCD-8C04-AF5FFBBD61D3}.Release|Any CPU.Build.0 = Release|Any CPU
		{3072ACBB-CC10-4E81-8846-3835F6EC005D}.Debug|Any CPU.ActiveCfg = Debug|Any CPU
		{3072ACBB-CC10-4E81-8846-3835F6EC005D}.Debug|Any CPU.Build.0 = Debug|Any CPU
		{3072ACBB-CC10-4E81-8846-3835F6EC005D}.Release|Any CPU.ActiveCfg = Release|Any CPU
		{3072ACBB-CC10-4E81-8846-3835F6EC005D}.Release|Any CPU.Build.0 = Release|Any CPU
	EndGlobalSection
	GlobalSection(SolutionProperties) = preSolution
		HideSolutionNode = FALSE
	EndGlobalSection
	GlobalSection(NestedProjects) = preSolution
		{82533F9D-11CB-46C2-8C8B-FEFD98AB40F7} = {83D8388E-39B0-43E8-BB05-1B4AC9B7B683}
		{255E2C46-48E0-457F-9F4F-2710149D511F} = {83D8388E-39B0-43E8-BB05-1B4AC9B7B683}
		{47D5E022-CF7A-4FCD-8C04-AF5FFBBD61D3} = {83D8388E-39B0-43E8-BB05-1B4AC9B7B683}
		{3072ACBB-CC10-4E81-8846-3835F6EC005D} = {83D8388E-39B0-43E8-BB05-1B4AC9B7B683}
	EndGlobalSection
	GlobalSection(ExtensibilityGlobals) = postSolution
		SolutionGuid = {6FF71DDD-7F7D-40D2-B9CA-8BA93E5C6E49}
	EndGlobalSection
EndGlobal
